
Microsoft Visual Studio Solution File, Format Version 12.00
# Visual Studio 15
VisualStudioVersion = 15.0.28307.136
MinimumVisualStudioVersion = 10.0.40219.1
Project("{FAE04EC0-301F-11D3-BF4B-00C04F79EFBC}") = "MalamProject", "MalamProject\MalamProject.csproj", "{76B9252C-2E06-4EA3-A0B4-5A777D700D5E}"
EndProject
Global
	GlobalSection(SolutionConfigurationPlatforms) = preSolution
		Debug|Any CPU = Debug|Any CPU
		Release|Any CPU = Release|Any CPU
	EndGlobalSection
	GlobalSection(ProjectConfigurationPlatforms) = postSolution
		{76B9252C-2E06-4EA3-A0B4-5A777D700D5E}.Debug|Any CPU.ActiveCfg = Debug|Any CPU
		{76B9252C-2E06-4EA3-A0B4-5A777D700D5E}.Debug|Any CPU.Build.0 = Debug|Any CPU
		{76B9252C-2E06-4EA3-A0B4-5A777D700D5E}.Release|Any CPU.ActiveCfg = Release|Any CPU
		{76B9252C-2E06-4EA3-A0B4-5A777D700D5E}.Release|Any CPU.Build.0 = Release|Any CPU
	EndGlobalSection
	GlobalSection(SolutionProperties) = preSolution
		HideSolutionNode = FALSE
	EndGlobalSection
	GlobalSection(ExtensibilityGlobals) = postSolution
		SolutionGuid = {BCD54F20-EAB3-4833-8D58-730876085891}
	EndGlobalSection
EndGlobal
